
Microsoft Visual Studio Solution File, Format Version 12.00
# Visual Studio Version 16
VisualStudioVersion = 16.0.32901.82
MinimumVisualStudioVersion = 10.0.40219.1
Project("{FAE04EC0-301F-11D3-BF4B-00C04F79EFBC}") = "Lab3_1(exceptions)", "Lab3_1(exceptions).csproj", "{42CB44D8-26D3-4A1E-B65F-6B8E8AE70C24}"
EndProject
Global
	GlobalSection(SolutionConfigurationPlatforms) = preSolution
		Debug|Any CPU = Debug|Any CPU
		Release|Any CPU = Release|Any CPU
	EndGlobalSection
	GlobalSection(ProjectConfigurationPlatforms) = postSolution
		{42CB44D8-26D3-4A1E-B65F-6B8E8AE70C24}.Debug|Any CPU.ActiveCfg = Debug|Any CPU
		{42CB44D8-26D3-4A1E-B65F-6B8E8AE70C24}.Debug|Any CPU.Build.0 = Debug|Any CPU
		{42CB44D8-26D3-4A1E-B65F-6B8E8AE70C24}.Release|Any CPU.ActiveCfg = Release|Any CPU
		{42CB44D8-26D3-4A1E-B65F-6B8E8AE70C24}.Release|Any CPU.Build.0 = Release|Any CPU
	EndGlobalSection
	GlobalSection(SolutionProperties) = preSolution
		HideSolutionNode = FALSE
	EndGlobalSection
	GlobalSection(ExtensibilityGlobals) = postSolution
		SolutionGuid = {12C2D569-3438-47DB-B142-51B6851F4BAE}
	EndGlobalSection
EndGlobal
